// !$*UTF8*$!
{
	archiveVersion = 1;
	classes = {
	};
	objectVersion = 46;
	objects = {

/* Begin PBXBuildFile section */
		181780B719E2F531007C8C8A /* GameOverScene.swift in Sources */ = {isa = PBXBuildFile; fileRef = 181780B619E2F531007C8C8A /* GameOverScene.swift */; };
		181780B919E2F9FF007C8C8A /* process-32.png in Resources */ = {isa = PBXBuildFile; fileRef = 181780B819E2F9FF007C8C8A /* process-32.png */; };
		18206F7219E0238100D30715 /* Spaceship.png in Resources */ = {isa = PBXBuildFile; fileRef = 18206F7119E0238100D30715 /* Spaceship.png */; };
		18206F8819E0354900D30715 /* background-ipad.atlas in Resources */ = {isa = PBXBuildFile; fileRef = 18206F7D19E0354900D30715 /* background-ipad.atlas */; };
		18206F8919E0354900D30715 /* foreground-ipad.atlas in Resources */ = {isa = PBXBuildFile; fileRef = 18206F7E19E0354900D30715 /* foreground-ipad.atlas */; };
		18206F8A19E0354900D30715 /* sprites-ipad.atlas in Resources */ = {isa = PBXBuildFile; fileRef = 18206F7F19E0354900D30715 /* sprites-ipad.atlas */; };
		18206F8B19E0354900D30715 /* background.atlas in Resources */ = {isa = PBXBuildFile; fileRef = 18206F8119E0354900D30715 /* background.atlas */; };
		18206F8C19E0354900D30715 /* foreground.atlas in Resources */ = {isa = PBXBuildFile; fileRef = 18206F8219E0354900D30715 /* foreground.atlas */; };
		18206F8D19E0354900D30715 /* sprites.atlas in Resources */ = {isa = PBXBuildFile; fileRef = 18206F8319E0354900D30715 /* sprites.atlas */; };
		18206F8E19E0354900D30715 /* background-568.atlas in Resources */ = {isa = PBXBuildFile; fileRef = 18206F8519E0354900D30715 /* background-568.atlas */; };
		18206F8F19E0354900D30715 /* foreground-568.atlas in Resources */ = {isa = PBXBuildFile; fileRef = 18206F8619E0354900D30715 /* foreground-568.atlas */; };
		18206F9019E0354900D30715 /* sprites-568.atlas in Resources */ = {isa = PBXBuildFile; fileRef = 18206F8719E0354900D30715 /* sprites-568.atlas */; };
		1899660719E013E100FB1F9D /* AppDelegate.swift in Sources */ = {isa = PBXBuildFile; fileRef = 1899660619E013E100FB1F9D /* AppDelegate.swift */; };
		1899660919E013E100FB1F9D /* GameScene.sks in Resources */ = {isa = PBXBuildFile; fileRef = 1899660819E013E100FB1F9D /* GameScene.sks */; };
		1899660B19E013E100FB1F9D /* GameScene.swift in Sources */ = {isa = PBXBuildFile; fileRef = 1899660A19E013E100FB1F9D /* GameScene.swift */; };
		1899660D19E013E100FB1F9D /* GameViewController.swift in Sources */ = {isa = PBXBuildFile; fileRef = 1899660C19E013E100FB1F9D /* GameViewController.swift */; };
		1899661019E013E100FB1F9D /* Main.storyboard in Resources */ = {isa = PBXBuildFile; fileRef = 1899660E19E013E100FB1F9D /* Main.storyboard */; };
		1899661219E013E100FB1F9D /* Images.xcassets in Resources */ = {isa = PBXBuildFile; fileRef = 1899661119E013E100FB1F9D /* Images.xcassets */; };
		1899661519E013E100FB1F9D /* LaunchScreen.xib in Resources */ = {isa = PBXBuildFile; fileRef = 1899661319E013E100FB1F9D /* LaunchScreen.xib */; };
		1899662119E013E100FB1F9D /* DotsTests.swift in Sources */ = {isa = PBXBuildFile; fileRef = 1899662019E013E100FB1F9D /* DotsTests.swift */; };
		1899663019E01AE900FB1F9D /* Background.psd in Resources */ = {isa = PBXBuildFile; fileRef = 1899662E19E01AE800FB1F9D /* Background.psd */; };
		18A3138719E08FFB0045F270 /* Background.png in Resources */ = {isa = PBXBuildFile; fileRef = 18A3138619E08FFB0045F270 /* Background.png */; };
		18A3139119E13F7E0045F270 /* DotBlue.png in Resources */ = {isa = PBXBuildFile; fileRef = 18A3139019E13F7E0045F270 /* DotBlue.png */; };
		18A3139319E1442A0045F270 /* DotRed.png in Resources */ = {isa = PBXBuildFile; fileRef = 18A3139219E1442A0045F270 /* DotRed.png */; };
		18A3139519E16AEA0045F270 /* Grid.png in Resources */ = {isa = PBXBuildFile; fileRef = 18A3139419E16AEA0045F270 /* Grid.png */; };
		18EAD10119E185BC00372D1D /* Player.swift in Sources */ = {isa = PBXBuildFile; fileRef = 18EAD10019E185BC00372D1D /* Player.swift */; };
		18EAD10519E1D31500372D1D /* Matrix.swift in Sources */ = {isa = PBXBuildFile; fileRef = 18EAD10419E1D31500372D1D /* Matrix.swift */; };
		18EAD10719E2BDC100372D1D /* Arrow.png in Resources */ = {isa = PBXBuildFile; fileRef = 18EAD10619E2BDC100372D1D /* Arrow.png */; };
		18FAC6B019E2C1A600CCC8C0 /* ArrowDown.png in Resources */ = {isa = PBXBuildFile; fileRef = 18FAC6AF19E2C1A600CCC8C0 /* ArrowDown.png */; };
		18FAC6B219E2CFF000CCC8C0 /* alarm_clock-50.png in Resources */ = {isa = PBXBuildFile; fileRef = 18FAC6B119E2CFF000CCC8C0 /* alarm_clock-50.png */; };
		18FAC6B419E2D04000CCC8C0 /* alarm_clock-32.png in Resources */ = {isa = PBXBuildFile; fileRef = 18FAC6B319E2D04000CCC8C0 /* alarm_clock-32.png */; };
/* End PBXBuildFile section */

/* Begin PBXContainerItemProxy section */
		1899661B19E013E100FB1F9D /* PBXContainerItemProxy */ = {
			isa = PBXContainerItemProxy;
			containerPortal = 189965F919E013E100FB1F9D /* Project object */;
			proxyType = 1;
			remoteGlobalIDString = 1899660019E013E100FB1F9D;
			remoteInfo = Dots;
		};
/* End PBXContainerItemProxy section */

/* Begin PBXFileReference section */
		181780B619E2F531007C8C8A /* GameOverScene.swift */ = {isa = PBXFileReference; fileEncoding = 4; lastKnownFileType = sourcecode.swift; path = GameOverScene.swift; sourceTree = "<group>"; };
		181780B819E2F9FF007C8C8A /* process-32.png */ = {isa = PBXFileReference; lastKnownFileType = image.png; path = "process-32.png"; sourceTree = "<group>"; };
		18206F7119E0238100D30715 /* Spaceship.png */ = {isa = PBXFileReference; lastKnownFileType = image.png; path = Spaceship.png; sourceTree = "<group>"; };
		18206F7D19E0354900D30715 /* background-ipad.atlas */ = {isa = PBXFileReference; lastKnownFileType = folder.skatlas; path = "background-ipad.atlas"; sourceTree = "<group>"; };
		18206F7E19E0354900D30715 /* foreground-ipad.atlas */ = {isa = PBXFileReference; lastKnownFileType = folder.skatlas; path = "foreground-ipad.atlas"; sourceTree = "<group>"; };
		18206F7F19E0354900D30715 /* sprites-ipad.atlas */ = {isa = PBXFileReference; lastKnownFileType = folder.skatlas; path = "sprites-ipad.atlas"; sourceTree = "<group>"; };
		18206F8119E0354900D30715 /* background.atlas */ = {isa = PBXFileReference; lastKnownFileType = folder.skatlas; path = background.atlas; sourceTree = "<group>"; };
		18206F8219E0354900D30715 /* foreground.atlas */ = {isa = PBXFileReference; lastKnownFileType = folder.skatlas; path = foreground.atlas; sourceTree = "<group>"; };
		18206F8319E0354900D30715 /* sprites.atlas */ = {isa = PBXFileReference; lastKnownFileType = folder.skatlas; path = sprites.atlas; sourceTree = "<group>"; };
		18206F8519E0354900D30715 /* background-568.atlas */ = {isa = PBXFileReference; lastKnownFileType = folder.skatlas; path = "background-568.atlas"; sourceTree = "<group>"; };
		18206F8619E0354900D30715 /* foreground-568.atlas */ = {isa = PBXFileReference; lastKnownFileType = folder.skatlas; path = "foreground-568.atlas"; sourceTree = "<group>"; };
		18206F8719E0354900D30715 /* sprites-568.atlas */ = {isa = PBXFileReference; lastKnownFileType = folder.skatlas; path = "sprites-568.atlas"; sourceTree = "<group>"; };
		1899660119E013E100FB1F9D /* Dots.app */ = {isa = PBXFileReference; explicitFileType = wrapper.application; includeInIndex = 0; path = Dots.app; sourceTree = BUILT_PRODUCTS_DIR; };
		1899660519E013E100FB1F9D /* Info.plist */ = {isa = PBXFileReference; lastKnownFileType = text.plist.xml; path = Info.plist; sourceTree = "<group>"; };
		1899660619E013E100FB1F9D /* AppDelegate.swift */ = {isa = PBXFileReference; lastKnownFileType = sourcecode.swift; path = AppDelegate.swift; sourceTree = "<group>"; };
		1899660819E013E100FB1F9D /* GameScene.sks */ = {isa = PBXFileReference; lastKnownFileType = file.sks; path = GameScene.sks; sourceTree = "<group>"; };
		1899660A19E013E100FB1F9D /* GameScene.swift */ = {isa = PBXFileReference; lastKnownFileType = sourcecode.swift; path = GameScene.swift; sourceTree = "<group>"; };
		1899660C19E013E100FB1F9D /* GameViewController.swift */ = {isa = PBXFileReference; lastKnownFileType = sourcecode.swift; path = GameViewController.swift; sourceTree = "<group>"; };
		1899660F19E013E100FB1F9D /* Base */ = {isa = PBXFileReference; lastKnownFileType = file.storyboard; name = Base; path = Base.lproj/Main.storyboard; sourceTree = "<group>"; };
		1899661119E013E100FB1F9D /* Images.xcassets */ = {isa = PBXFileReference; lastKnownFileType = folder.assetcatalog; path = Images.xcassets; sourceTree = "<group>"; };
		1899661419E013E100FB1F9D /* Base */ = {isa = PBXFileReference; lastKnownFileType = file.xib; name = Base; path = Base.lproj/LaunchScreen.xib; sourceTree = "<group>"; };
		1899661A19E013E100FB1F9D /* DotsTests.xctest */ = {isa = PBXFileReference; explicitFileType = wrapper.cfbundle; includeInIndex = 0; path = DotsTests.xctest; sourceTree = BUILT_PRODUCTS_DIR; };
		1899661F19E013E100FB1F9D /* Info.plist */ = {isa = PBXFileReference; lastKnownFileType = text.plist.xml; path = Info.plist; sourceTree = "<group>"; };
		1899662019E013E100FB1F9D /* DotsTests.swift */ = {isa = PBXFileReference; lastKnownFileType = sourcecode.swift; path = DotsTests.swift; sourceTree = "<group>"; };
		1899662E19E01AE800FB1F9D /* Background.psd */ = {isa = PBXFileReference; lastKnownFileType = file; path = Background.psd; sourceTree = "<group>"; };
		18A3138619E08FFB0045F270 /* Background.png */ = {isa = PBXFileReference; lastKnownFileType = image.png; path = Background.png; sourceTree = "<group>"; };
		18A3139019E13F7E0045F270 /* DotBlue.png */ = {isa = PBXFileReference; lastKnownFileType = image.png; path = DotBlue.png; sourceTree = "<group>"; };
		18A3139219E1442A0045F270 /* DotRed.png */ = {isa = PBXFileReference; lastKnownFileType = image.png; path = DotRed.png; sourceTree = "<group>"; };
		18A3139419E16AEA0045F270 /* Grid.png */ = {isa = PBXFileReference; lastKnownFileType = image.png; path = Grid.png; sourceTree = "<group>"; };
		18EAD10019E185BC00372D1D /* Player.swift */ = {isa = PBXFileReference; fileEncoding = 4; lastKnownFileType = sourcecode.swift; path = Player.swift; sourceTree = "<group>"; };
		18EAD10419E1D31500372D1D /* Matrix.swift */ = {isa = PBXFileReference; fileEncoding = 4; lastKnownFileType = sourcecode.swift; path = Matrix.swift; sourceTree = "<group>"; };
		18EAD10619E2BDC100372D1D /* Arrow.png */ = {isa = PBXFileReference; lastKnownFileType = image.png; path = Arrow.png; sourceTree = "<group>"; };
		18FAC6AF19E2C1A600CCC8C0 /* ArrowDown.png */ = {isa = PBXFileReference; lastKnownFileType = image.png; path = ArrowDown.png; sourceTree = "<group>"; };
		18FAC6B119E2CFF000CCC8C0 /* alarm_clock-50.png */ = {isa = PBXFileReference; lastKnownFileType = image.png; path = "alarm_clock-50.png"; sourceTree = "<group>"; };
		18FAC6B319E2D04000CCC8C0 /* alarm_clock-32.png */ = {isa = PBXFileReference; lastKnownFileType = image.png; path = "alarm_clock-32.png"; sourceTree = "<group>"; };
/* End PBXFileReference section */

/* Begin PBXFrameworksBuildPhase section */
		189965FE19E013E100FB1F9D /* Frameworks */ = {
			isa = PBXFrameworksBuildPhase;
			buildActionMask = 2147483647;
			files = (
			);
			runOnlyForDeploymentPostprocessing = 0;
		};
		1899661719E013E100FB1F9D /* Frameworks */ = {
			isa = PBXFrameworksBuildPhase;
			buildActionMask = 2147483647;
			files = (
			);
			runOnlyForDeploymentPostprocessing = 0;
		};
/* End PBXFrameworksBuildPhase section */

/* Begin PBXGroup section */
		18206F7B19E0354900D30715 /* TextureAtlases */ = {
			isa = PBXGroup;
			children = (
				18206F7C19E0354900D30715 /* iPad */,
				18206F8019E0354900D30715 /* iPhone */,
				18206F8419E0354900D30715 /* WidescreeniPhone */,
			);
			path = TextureAtlases;
			sourceTree = "<group>";
		};
		18206F7C19E0354900D30715 /* iPad */ = {
			isa = PBXGroup;
			children = (
				18206F7D19E0354900D30715 /* background-ipad.atlas */,
				18206F7E19E0354900D30715 /* foreground-ipad.atlas */,
				18206F7F19E0354900D30715 /* sprites-ipad.atlas */,
			);
			path = iPad;
			sourceTree = "<group>";
		};
		18206F8019E0354900D30715 /* iPhone */ = {
			isa = PBXGroup;
			children = (
				18206F8119E0354900D30715 /* background.atlas */,
				18206F8219E0354900D30715 /* foreground.atlas */,
				18206F8319E0354900D30715 /* sprites.atlas */,
			);
			path = iPhone;
			sourceTree = "<group>";
		};
		18206F8419E0354900D30715 /* WidescreeniPhone */ = {
			isa = PBXGroup;
			children = (
				18206F8519E0354900D30715 /* background-568.atlas */,
				18206F8619E0354900D30715 /* foreground-568.atlas */,
				18206F8719E0354900D30715 /* sprites-568.atlas */,
			);
			path = WidescreeniPhone;
			sourceTree = "<group>";
		};
		189965F819E013E100FB1F9D = {
			isa = PBXGroup;
			children = (
				1899660319E013E100FB1F9D /* Dots */,
				1899661D19E013E100FB1F9D /* DotsTests */,
				1899660219E013E100FB1F9D /* Products */,
			);
			sourceTree = "<group>";
		};
		1899660219E013E100FB1F9D /* Products */ = {
			isa = PBXGroup;
			children = (
				1899660119E013E100FB1F9D /* Dots.app */,
				1899661A19E013E100FB1F9D /* DotsTests.xctest */,
			);
			name = Products;
			sourceTree = "<group>";
		};
		1899660319E013E100FB1F9D /* Dots */ = {
			isa = PBXGroup;
			children = (
				1899660619E013E100FB1F9D /* AppDelegate.swift */,
				1899660819E013E100FB1F9D /* GameScene.sks */,
				1899660A19E013E100FB1F9D /* GameScene.swift */,
				181780B619E2F531007C8C8A /* GameOverScene.swift */,
				18EAD10419E1D31500372D1D /* Matrix.swift */,
				18EAD10019E185BC00372D1D /* Player.swift */,
				1899660C19E013E100FB1F9D /* GameViewController.swift */,
				1899660E19E013E100FB1F9D /* Main.storyboard */,
				1899661119E013E100FB1F9D /* Images.xcassets */,
				1899661319E013E100FB1F9D /* LaunchScreen.xib */,
				1899660419E013E100FB1F9D /* Supporting Files */,
			);
			path = Dots;
			sourceTree = "<group>";
		};
		1899660419E013E100FB1F9D /* Supporting Files */ = {
			isa = PBXGroup;
			children = (
				18206F7B19E0354900D30715 /* TextureAtlases */,
				1899662C19E01AE800FB1F9D /* Images */,
				1899660519E013E100FB1F9D /* Info.plist */,
			);
			name = "Supporting Files";
			sourceTree = "<group>";
		};
		1899661D19E013E100FB1F9D /* DotsTests */ = {
			isa = PBXGroup;
			children = (
				1899662019E013E100FB1F9D /* DotsTests.swift */,
				1899661E19E013E100FB1F9D /* Supporting Files */,
			);
			path = DotsTests;
			sourceTree = "<group>";
		};
		1899661E19E013E100FB1F9D /* Supporting Files */ = {
			isa = PBXGroup;
			children = (
				1899661F19E013E100FB1F9D /* Info.plist */,
			);
			name = "Supporting Files";
			sourceTree = "<group>";
		};
		1899662C19E01AE800FB1F9D /* Images */ = {
			isa = PBXGroup;
			children = (
				18206F7119E0238100D30715 /* Spaceship.png */,
				18A3139219E1442A0045F270 /* DotRed.png */,
				18A3139019E13F7E0045F270 /* DotBlue.png */,
				18FAC6AF19E2C1A600CCC8C0 /* ArrowDown.png */,
				181780B819E2F9FF007C8C8A /* process-32.png */,
				18FAC6B319E2D04000CCC8C0 /* alarm_clock-32.png */,
				18FAC6B119E2CFF000CCC8C0 /* alarm_clock-50.png */,
				18EAD10619E2BDC100372D1D /* Arrow.png */,
				18A3139419E16AEA0045F270 /* Grid.png */,
				18A3138619E08FFB0045F270 /* Background.png */,
				1899662E19E01AE800FB1F9D /* Background.psd */,
			);
			path = Images;
			sourceTree = "<group>";
		};
/* End PBXGroup section */

/* Begin PBXNativeTarget section */
		1899660019E013E100FB1F9D /* Dots */ = {
			isa = PBXNativeTarget;
			buildConfigurationList = 1899662419E013E100FB1F9D /* Build configuration list for PBXNativeTarget "Dots" */;
			buildPhases = (
				189965FD19E013E100FB1F9D /* Sources */,
				189965FE19E013E100FB1F9D /* Frameworks */,
				189965FF19E013E100FB1F9D /* Resources */,
			);
			buildRules = (
			);
			dependencies = (
			);
			name = Dots;
			productName = Dots;
			productReference = 1899660119E013E100FB1F9D /* Dots.app */;
			productType = "com.apple.product-type.application";
		};
		1899661919E013E100FB1F9D /* DotsTests */ = {
			isa = PBXNativeTarget;
			buildConfigurationList = 1899662719E013E100FB1F9D /* Build configuration list for PBXNativeTarget "DotsTests" */;
			buildPhases = (
				1899661619E013E100FB1F9D /* Sources */,
				1899661719E013E100FB1F9D /* Frameworks */,
				1899661819E013E100FB1F9D /* Resources */,
			);
			buildRules = (
			);
			dependencies = (
				1899661C19E013E100FB1F9D /* PBXTargetDependency */,
			);
			name = DotsTests;
			productName = DotsTests;
			productReference = 1899661A19E013E100FB1F9D /* DotsTests.xctest */;
			productType = "com.apple.product-type.bundle.unit-test";
		};
/* End PBXNativeTarget section */

/* Begin PBXProject section */
		189965F919E013E100FB1F9D /* Project object */ = {
			isa = PBXProject;
			attributes = {
				LastUpgradeCheck = 0600;
				ORGANIZATIONNAME = "Protspace Corp.";
				TargetAttributes = {
					1899660019E013E100FB1F9D = {
						CreatedOnToolsVersion = 6.0.1;
					};
					1899661919E013E100FB1F9D = {
						CreatedOnToolsVersion = 6.0.1;
						TestTargetID = 1899660019E013E100FB1F9D;
					};
				};
			};
			buildConfigurationList = 189965FC19E013E100FB1F9D /* Build configuration list for PBXProject "Dots" */;
			compatibilityVersion = "Xcode 3.2";
			developmentRegion = English;
			hasScannedForEncodings = 0;
			knownRegions = (
				en,
				Base,
			);
			mainGroup = 189965F819E013E100FB1F9D;
			productRefGroup = 1899660219E013E100FB1F9D /* Products */;
			projectDirPath = "";
			projectRoot = "";
			targets = (
				1899660019E013E100FB1F9D /* Dots */,
				1899661919E013E100FB1F9D /* DotsTests */,
			);
		};
/* End PBXProject section */

/* Begin PBXResourcesBuildPhase section */
		189965FF19E013E100FB1F9D /* Resources */ = {
			isa = PBXResourcesBuildPhase;
			buildActionMask = 2147483647;
			files = (
				18206F8D19E0354900D30715 /* sprites.atlas in Resources */,
				18206F8819E0354900D30715 /* background-ipad.atlas in Resources */,
				18206F8F19E0354900D30715 /* foreground-568.atlas in Resources */,
				18206F8A19E0354900D30715 /* sprites-ipad.atlas in Resources */,
				18206F7219E0238100D30715 /* Spaceship.png in Resources */,
				18206F8919E0354900D30715 /* foreground-ipad.atlas in Resources */,
				1899661519E013E100FB1F9D /* LaunchScreen.xib in Resources */,
				1899661219E013E100FB1F9D /* Images.xcassets in Resources */,
				18A3138719E08FFB0045F270 /* Background.png in Resources */,
				18206F8C19E0354900D30715 /* foreground.atlas in Resources */,
				181780B919E2F9FF007C8C8A /* process-32.png in Resources */,
				18A3139519E16AEA0045F270 /* Grid.png in Resources */,
				18206F9019E0354900D30715 /* sprites-568.atlas in Resources */,
				1899660919E013E100FB1F9D /* GameScene.sks in Resources */,
				18FAC6B019E2C1A600CCC8C0 /* ArrowDown.png in Resources */,
				18206F8E19E0354900D30715 /* background-568.atlas in Resources */,
				1899661019E013E100FB1F9D /* Main.storyboard in Resources */,
				18EAD10719E2BDC100372D1D /* Arrow.png in Resources */,
				18A3139319E1442A0045F270 /* DotRed.png in Resources */,
				1899663019E01AE900FB1F9D /* Background.psd in Resources */,
				18FAC6B219E2CFF000CCC8C0 /* alarm_clock-50.png in Resources */,
				18FAC6B419E2D04000CCC8C0 /* alarm_clock-32.png in Resources */,
				18206F8B19E0354900D30715 /* background.atlas in Resources */,
				18A3139119E13F7E0045F270 /* DotBlue.png in Resources */,
			);
			runOnlyForDeploymentPostprocessing = 0;
		};
		1899661819E013E100FB1F9D /* Resources */ = {
			isa = PBXResourcesBuildPhase;
			buildActionMask = 2147483647;
			files = (
			);
			runOnlyForDeploymentPostprocessing = 0;
		};
/* End PBXResourcesBuildPhase section */

/* Begin PBXSourcesBuildPhase section */
		189965FD19E013E100FB1F9D /* Sources */ = {
			isa = PBXSourcesBuildPhase;
			buildActionMask = 2147483647;
			files = (
				18EAD10119E185BC00372D1D /* Player.swift in Sources */,
				18EAD10519E1D31500372D1D /* Matrix.swift in Sources */,
				1899660B19E013E100FB1F9D /* GameScene.swift in Sources */,
				1899660D19E013E100FB1F9D /* GameViewController.swift in Sources */,
				181780B719E2F531007C8C8A /* GameOverScene.swift in Sources */,
				1899660719E013E100FB1F9D /* AppDelegate.swift in Sources */,
			);
			runOnlyForDeploymentPostprocessing = 0;
		};
		1899661619E013E100FB1F9D /* Sources */ = {
			isa = PBXSourcesBuildPhase;
			buildActionMask = 2147483647;
			files = (
				1899662119E013E100FB1F9D /* DotsTests.swift in Sources */,
			);
			runOnlyForDeploymentPostprocessing = 0;
		};
/* End PBXSourcesBuildPhase section */

/* Begin PBXTargetDependency section */
		1899661C19E013E100FB1F9D /* PBXTargetDependency */ = {
			isa = PBXTargetDependency;
			target = 1899660019E013E100FB1F9D /* Dots */;
			targetProxy = 1899661B19E013E100FB1F9D /* PBXContainerItemProxy */;
		};
/* End PBXTargetDependency section */

/* Begin PBXVariantGroup section */
		1899660E19E013E100FB1F9D /* Main.storyboard */ = {
			isa = PBXVariantGroup;
			children = (
				1899660F19E013E100FB1F9D /* Base */,
			);
			name = Main.storyboard;
			sourceTree = "<group>";
		};
		1899661319E013E100FB1F9D /* LaunchScreen.xib */ = {
			isa = PBXVariantGroup;
			children = (
				1899661419E013E100FB1F9D /* Base */,
			);
			name = LaunchScreen.xib;
			sourceTree = "<group>";
		};
/* End PBXVariantGroup section */

/* Begin XCBuildConfiguration section */
		1899662219E013E100FB1F9D /* Debug */ = {
			isa = XCBuildConfiguration;
			buildSettings = {
				ALWAYS_SEARCH_USER_PATHS = NO;
				CLANG_CXX_LANGUAGE_STANDARD = "gnu++0x";
				CLANG_CXX_LIBRARY = "libc++";
				CLANG_ENABLE_MODULES = YES;
				CLANG_ENABLE_OBJC_ARC = YES;
				CLANG_WARN_BOOL_CONVERSION = YES;
				CLANG_WARN_CONSTANT_CONVERSION = YES;
				CLANG_WARN_DIRECT_OBJC_ISA_USAGE = YES_ERROR;
				CLANG_WARN_EMPTY_BODY = YES;
				CLANG_WARN_ENUM_CONVERSION = YES;
				CLANG_WARN_INT_CONVERSION = YES;
				CLANG_WARN_OBJC_ROOT_CLASS = YES_ERROR;
				CLANG_WARN_UNREACHABLE_CODE = YES;
				CLANG_WARN__DUPLICATE_METHOD_MATCH = YES;
				"CODE_SIGN_IDENTITY[sdk=iphoneos*]" = "iPhone Developer";
				COPY_PHASE_STRIP = NO;
				ENABLE_STRICT_OBJC_MSGSEND = YES;
				GCC_C_LANGUAGE_STANDARD = gnu99;
				GCC_DYNAMIC_NO_PIC = NO;
				GCC_OPTIMIZATION_LEVEL = 0;
				GCC_PREPROCESSOR_DEFINITIONS = (
					"DEBUG=1",
					"$(inherited)",
				);
				GCC_SYMBOLS_PRIVATE_EXTERN = NO;
				GCC_WARN_64_TO_32_BIT_CONVERSION = YES;
				GCC_WARN_ABOUT_RETURN_TYPE = YES_ERROR;
				GCC_WARN_UNDECLARED_SELECTOR = YES;
				GCC_WARN_UNINITIALIZED_AUTOS = YES_AGGRESSIVE;
				GCC_WARN_UNUSED_FUNCTION = YES;
				GCC_WARN_UNUSED_VARIABLE = YES;
				IPHONEOS_DEPLOYMENT_TARGET = 8.0;
				MTL_ENABLE_DEBUG_INFO = YES;
				ONLY_ACTIVE_ARCH = YES;
				SDKROOT = iphoneos;
				SWIFT_OPTIMIZATION_LEVEL = "-Onone";
			};
			name = Debug;
		};
		1899662319E013E100FB1F9D /* Release */ = {
			isa = XCBuildConfiguration;
			buildSettings = {
				ALWAYS_SEARCH_USER_PATHS = NO;
				CLANG_CXX_LANGUAGE_STANDARD = "gnu++0x";
				CLANG_CXX_LIBRARY = "libc++";
				CLANG_ENABLE_MODULES = YES;
				CLANG_ENABLE_OBJC_ARC = YES;
				CLANG_WARN_BOOL_CONVERSION = YES;
				CLANG_WARN_CONSTANT_CONVERSION = YES;
				CLANG_WARN_DIRECT_OBJC_ISA_USAGE = YES_ERROR;
				CLANG_WARN_EMPTY_BODY = YES;
				CLANG_WARN_ENUM_CONVERSION = YES;
				CLANG_WARN_INT_CONVERSION = YES;
				CLANG_WARN_OBJC_ROOT_CLASS = YES_ERROR;
				CLANG_WARN_UNREACHABLE_CODE = YES;
				CLANG_WARN__DUPLICATE_METHOD_MATCH = YES;
				"CODE_SIGN_IDENTITY[sdk=iphoneos*]" = "iPhone Developer";
				COPY_PHASE_STRIP = YES;
				ENABLE_NS_ASSERTIONS = NO;
				ENABLE_STRICT_OBJC_MSGSEND = YES;
				GCC_C_LANGUAGE_STANDARD = gnu99;
				GCC_WARN_64_TO_32_BIT_CONVERSION = YES;
				GCC_WARN_ABOUT_RETURN_TYPE = YES_ERROR;
				GCC_WARN_UNDECLARED_SELECTOR = YES;
				GCC_WARN_UNINITIALIZED_AUTOS = YES_AGGRESSIVE;
				GCC_WARN_UNUSED_FUNCTION = YES;
				GCC_WARN_UNUSED_VARIABLE = YES;
				IPHONEOS_DEPLOYMENT_TARGET = 8.0;
				MTL_ENABLE_DEBUG_INFO = NO;
				SDKROOT = iphoneos;
				VALIDATE_PRODUCT = YES;
			};
			name = Release;
		};
		1899662519E013E100FB1F9D /* Debug */ = {
			isa = XCBuildConfiguration;
			buildSettings = {
				ASSETCATALOG_COMPILER_APPICON_NAME = AppIcon;
				CLANG_ENABLE_MODULES = YES;
				INFOPLIST_FILE = Dots/Info.plist;
				IPHONEOS_DEPLOYMENT_TARGET = 8.0;
				LD_RUNPATH_SEARCH_PATHS = "$(inherited) @executable_path/Frameworks";
				PRODUCT_NAME = "$(TARGET_NAME)";
				SWIFT_OPTIMIZATION_LEVEL = "-Onone";
			};
			name = Debug;
		};
		1899662619E013E100FB1F9D /* Release */ = {
			isa = XCBuildConfiguration;
			buildSettings = {
				ASSETCATALOG_COMPILER_APPICON_NAME = AppIcon;
				CLANG_ENABLE_MODULES = YES;
				INFOPLIST_FILE = Dots/Info.plist;
				IPHONEOS_DEPLOYMENT_TARGET = 8.0;
				LD_RUNPATH_SEARCH_PATHS = "$(inherited) @executable_path/Frameworks";
				PRODUCT_NAME = "$(TARGET_NAME)";
			};
			name = Release;
		};
		1899662819E013E100FB1F9D /* Debug */ = {
			isa = XCBuildConfiguration;
			buildSettings = {
				BUNDLE_LOADER = "$(TEST_HOST)";
				FRAMEWORK_SEARCH_PATHS = (
					"$(SDKROOT)/Developer/Library/Frameworks",
					"$(inherited)",
				);
				GCC_PREPROCESSOR_DEFINITIONS = (
					"DEBUG=1",
					"$(inherited)",
				);
				INFOPLIST_FILE = DotsTests/Info.plist;
				LD_RUNPATH_SEARCH_PATHS = "$(inherited) @executable_path/Frameworks @loader_path/Frameworks";
				PRODUCT_NAME = "$(TARGET_NAME)";
				TEST_HOST = "$(BUILT_PRODUCTS_DIR)/Dots.app/Dots";
			};
			name = Debug;
		};
		1899662919E013E100FB1F9D /* Release */ = {
			isa = XCBuildConfiguration;
			buildSettings = {
				BUNDLE_LOADER = "$(TEST_HOST)";
				FRAMEWORK_SEARCH_PATHS = (
					"$(SDKROOT)/Developer/Library/Frameworks",
					"$(inherited)",
				);
				INFOPLIST_FILE = DotsTests/Info.plist;
				LD_RUNPATH_SEARCH_PATHS = "$(inherited) @executable_path/Frameworks @loader_path/Frameworks";
				PRODUCT_NAME = "$(TARGET_NAME)";
				TEST_HOST = "$(BUILT_PRODUCTS_DIR)/Dots.app/Dots";
			};
			name = Release;
		};
/* End XCBuildConfiguration section */

/* Begin XCConfigurationList section */
		189965FC19E013E100FB1F9D /* Build configuration list for PBXProject "Dots" */ = {
			isa = XCConfigurationList;
			buildConfigurations = (
				1899662219E013E100FB1F9D /* Debug */,
				1899662319E013E100FB1F9D /* Release */,
			);
			defaultConfigurationIsVisible = 0;
			defaultConfigurationName = Release;
		};
		1899662419E013E100FB1F9D /* Build configuration list for PBXNativeTarget "Dots" */ = {
			isa = XCConfigurationList;
			buildConfigurations = (
				1899662519E013E100FB1F9D /* Debug */,
				1899662619E013E100FB1F9D /* Release */,
			);
			defaultConfigurationIsVisible = 0;
			defaultConfigurationName = Release;
		};
		1899662719E013E100FB1F9D /* Build configuration list for PBXNativeTarget "DotsTests" */ = {
			isa = XCConfigurationList;
			buildConfigurations = (
				1899662819E013E100FB1F9D /* Debug */,
				1899662919E013E100FB1F9D /* Release */,
			);
			defaultConfigurationIsVisible = 0;
			defaultConfigurationName = Release;
		};
/* End XCConfigurationList section */
	};
	rootObject = 189965F919E013E100FB1F9D /* Project object */;
}
